
Microsoft Visual Studio Solution File, Format Version 12.00
# Visual Studio Version 17
VisualStudioVersion = 17.6.33829.357
MinimumVisualStudioVersion = 10.0.40219.1
Project("{9A19103F-16F7-4668-BE54-9A1E7A4F7556}") = "CollectionMapper.RavenDB.NetCore", "CollectionMapper.RavenDB.NetCore\CollectionMapper.RavenDB.NetCore.csproj", "{D9F8FC00-C65A-4579-A886-38975E0F749D}"
EndProject
Project("{9A19103F-16F7-4668-BE54-9A1E7A4F7556}") = "CollectionMapper.RavenDB.NetCore.Tests", "CollectionMapper.RavenDB.NetCore.Tests\CollectionMapper.RavenDB.NetCore.Tests.csproj", "{E9F1066B-CE00-4ACD-82CA-DA2692FF0600}"
	ProjectSection(ProjectDependencies) = postProject
		{D9F8FC00-C65A-4579-A886-38975E0F749D} = {D9F8FC00-C65A-4579-A886-38975E0F749D}
	EndProjectSection
EndProject
Project("{FAE04EC0-301F-11D3-BF4B-00C04F79EFBC}") = "CollectionMapper.RavenDB.AppConsole", "CollectionMapper.RavenDB.AppConsole\CollectionMapper.RavenDB.AppConsole.csproj", "{F65C7E78-EF46-4A43-9DC2-8498AA2E525C}"
EndProject
Global
	GlobalSection(SolutionConfigurationPlatforms) = preSolution
		Debug|Any CPU = Debug|Any CPU
		Release|Any CPU = Release|Any CPU
	EndGlobalSection
	GlobalSection(ProjectConfigurationPlatforms) = postSolution
		{D9F8FC00-C65A-4579-A886-38975E0F749D}.Debug|Any CPU.ActiveCfg = Debug|Any CPU
		{D9F8FC00-C65A-4579-A886-38975E0F749D}.Debug|Any CPU.Build.0 = Debug|Any CPU
		{D9F8FC00-C65A-4579-A886-38975E0F749D}.Release|Any CPU.ActiveCfg = Release|Any CPU
		{D9F8FC00-C65A-4579-A886-38975E0F749D}.Release|Any CPU.Build.0 = Release|Any CPU
		{E9F1066B-CE00-4ACD-82CA-DA2692FF0600}.Debug|Any CPU.ActiveCfg = Debug|Any CPU
		{E9F1066B-CE00-4ACD-82CA-DA2692FF0600}.Debug|Any CPU.Build.0 = Debug|Any CPU
		{E9F1066B-CE00-4ACD-82CA-DA2692FF0600}.Release|Any CPU.ActiveCfg = Release|Any CPU
		{E9F1066B-CE00-4ACD-82CA-DA2692FF0600}.Release|Any CPU.Build.0 = Release|Any CPU
		{F65C7E78-EF46-4A43-9DC2-8498AA2E525C}.Debug|Any CPU.ActiveCfg = Debug|Any CPU
		{F65C7E78-EF46-4A43-9DC2-8498AA2E525C}.Debug|Any CPU.Build.0 = Debug|Any CPU
		{F65C7E78-EF46-4A43-9DC2-8498AA2E525C}.Release|Any CPU.ActiveCfg = Release|Any CPU
		{F65C7E78-EF46-4A43-9DC2-8498AA2E525C}.Release|Any CPU.Build.0 = Release|Any CPU
	EndGlobalSection
	GlobalSection(SolutionProperties) = preSolution
		HideSolutionNode = FALSE
	EndGlobalSection
	GlobalSection(ExtensibilityGlobals) = postSolution
		SolutionGuid = {DEC4FF7E-32D9-43E6-8161-F1D5577FDFD2}
	EndGlobalSection
EndGlobal
